// !$*UTF8*$!
{
	archiveVersion = 1;
	classes = {
	};
	objectVersion = 56;
	objects = {

/* Begin PBXBuildFile section */
		3F7B48182A72627A00C9479B /* PelagianTanksAnalyzedView.swift in Sources */ = {isa = PBXBuildFile; fileRef = 3F7B48172A72627A00C9479B /* PelagianTanksAnalyzedView.swift */; };
		3F7B481A2A7267C500C9479B /* PelagianScrubbersView.swift in Sources */ = {isa = PBXBuildFile; fileRef = 3F7B48192A7267C500C9479B /* PelagianScrubbersView.swift */; };
		3F7B481C2A7268F900C9479B /* PelagianAssemblyView.swift in Sources */ = {isa = PBXBuildFile; fileRef = 3F7B481B2A7268F900C9479B /* PelagianAssemblyView.swift */; };
		3F7B481E2A726A0000C9479B /* PelagianGasAndRegsView.swift in Sources */ = {isa = PBXBuildFile; fileRef = 3F7B481D2A726A0000C9479B /* PelagianGasAndRegsView.swift */; };
		3F7B48202A726B6F00C9479B /* PelagianPressureTestAndPreBreatheView.swift in Sources */ = {isa = PBXBuildFile; fileRef = 3F7B481F2A726B6F00C9479B /* PelagianPressureTestAndPreBreatheView.swift */; };
		3F7B48222A726C4D00C9479B /* PelagianSummaryView.swift in Sources */ = {isa = PBXBuildFile; fileRef = 3F7B48212A726C4D00C9479B /* PelagianSummaryView.swift */; };
		3FA8054E2A6F9F6100452E2E /* SidewinderModel.swift in Sources */ = {isa = PBXBuildFile; fileRef = 3FA8054D2A6F9F6100452E2E /* SidewinderModel.swift */; };
		3FCBDF5A2A6BCA1900B0DD19 /* CCRChecklistApp.swift in Sources */ = {isa = PBXBuildFile; fileRef = 3FCBDF592A6BCA1900B0DD19 /* CCRChecklistApp.swift */; };
		3FCBDF5C2A6BCA1900B0DD19 /* ContentView.swift in Sources */ = {isa = PBXBuildFile; fileRef = 3FCBDF5B2A6BCA1900B0DD19 /* ContentView.swift */; };
		3FCBDF5E2A6BCA1A00B0DD19 /* Assets.xcassets in Resources */ = {isa = PBXBuildFile; fileRef = 3FCBDF5D2A6BCA1A00B0DD19 /* Assets.xcassets */; };
		3FCBDF612A6BCA1A00B0DD19 /* Preview Assets.xcassets in Resources */ = {isa = PBXBuildFile; fileRef = 3FCBDF602A6BCA1A00B0DD19 /* Preview Assets.xcassets */; };
		3FCBDF6D2A6BCAEA00B0DD19 /* MainTabView.swift in Sources */ = {isa = PBXBuildFile; fileRef = 3FCBDF6C2A6BCAEA00B0DD19 /* MainTabView.swift */; };
		3FCBDF712A6BCC5400B0DD19 /* LoginView.swift in Sources */ = {isa = PBXBuildFile; fileRef = 3FCBDF702A6BCC5400B0DD19 /* LoginView.swift */; };
		3FCBDF742A6BCCA200B0DD19 /* TextFieldModifier.swift in Sources */ = {isa = PBXBuildFile; fileRef = 3FCBDF732A6BCCA200B0DD19 /* TextFieldModifier.swift */; };
		3FCBDF762A6BD6C300B0DD19 /* AddEmailView.swift in Sources */ = {isa = PBXBuildFile; fileRef = 3FCBDF752A6BD6C300B0DD19 /* AddEmailView.swift */; };
		3FCBDF782A6BD70F00B0DD19 /* CreateUsernameView.swift in Sources */ = {isa = PBXBuildFile; fileRef = 3FCBDF772A6BD70F00B0DD19 /* CreateUsernameView.swift */; };
		3FCBDF7A2A6BD74900B0DD19 /* CreatePasswordView.swift in Sources */ = {isa = PBXBuildFile; fileRef = 3FCBDF792A6BD74900B0DD19 /* CreatePasswordView.swift */; };
		3FCBDF7C2A6BD78200B0DD19 /* CompleteSignUpView.swift in Sources */ = {isa = PBXBuildFile; fileRef = 3FCBDF7B2A6BD78200B0DD19 /* CompleteSignUpView.swift */; };
		3FCBDF7F2A6BD87100B0DD19 /* HomeView.swift in Sources */ = {isa = PBXBuildFile; fileRef = 3FCBDF7E2A6BD87100B0DD19 /* HomeView.swift */; };
		3FCBDF812A6BDAE300B0DD19 /* AuthHeaderView.swift in Sources */ = {isa = PBXBuildFile; fileRef = 3FCBDF802A6BDAE300B0DD19 /* AuthHeaderView.swift */; };
		3FCBDF832A6BDB1A00B0DD19 /* RoundedShapeView.swift in Sources */ = {isa = PBXBuildFile; fileRef = 3FCBDF822A6BDB1A00B0DD19 /* RoundedShapeView.swift */; };
		3FCBDF872A6BDFAA00B0DD19 /* BuildHistoryView.swift in Sources */ = {isa = PBXBuildFile; fileRef = 3FCBDF862A6BDFAA00B0DD19 /* BuildHistoryView.swift */; };
		3FCBDF892A6BE1D400B0DD19 /* TabHeaderView.swift in Sources */ = {isa = PBXBuildFile; fileRef = 3FCBDF882A6BE1D400B0DD19 /* TabHeaderView.swift */; };
		3FCBDF8B2A6BE5D400B0DD19 /* NotesView.swift in Sources */ = {isa = PBXBuildFile; fileRef = 3FCBDF8A2A6BE5D400B0DD19 /* NotesView.swift */; };
		3FCBDF902A6BEB0E00B0DD19 /* SWComputerView.swift in Sources */ = {isa = PBXBuildFile; fileRef = 3FCBDF8F2A6BEB0E00B0DD19 /* SWComputerView.swift */; };
		3FCBDF922A6BED1500B0DD19 /* SWScrubberView.swift in Sources */ = {isa = PBXBuildFile; fileRef = 3FCBDF912A6BED1500B0DD19 /* SWScrubberView.swift */; };
		3FCBDF942A6BEE6800B0DD19 /* SWCounterLungView.swift in Sources */ = {isa = PBXBuildFile; fileRef = 3FCBDF932A6BEE6800B0DD19 /* SWCounterLungView.swift */; };
		3FCBDF962A6BF1BC00B0DD19 /* SWOxygenView.swift in Sources */ = {isa = PBXBuildFile; fileRef = 3FCBDF952A6BF1BC00B0DD19 /* SWOxygenView.swift */; };
		3FCBDF982A6BF2EB00B0DD19 /* SWFlushView.swift in Sources */ = {isa = PBXBuildFile; fileRef = 3FCBDF972A6BF2EB00B0DD19 /* SWFlushView.swift */; };
		3FCBDF9A2A6BFDB800B0DD19 /* SWPositiveCheckView.swift in Sources */ = {isa = PBXBuildFile; fileRef = 3FCBDF992A6BFDB800B0DD19 /* SWPositiveCheckView.swift */; };
		3FCBDF9C2A6BFE2900B0DD19 /* SWTransportView.swift in Sources */ = {isa = PBXBuildFile; fileRef = 3FCBDF9B2A6BFE2900B0DD19 /* SWTransportView.swift */; };
		3FCBDF9E2A6BFF2300B0DD19 /* SWChecklistSummaryView.swift in Sources */ = {isa = PBXBuildFile; fileRef = 3FCBDF9D2A6BFF2300B0DD19 /* SWChecklistSummaryView.swift */; };
		3FCBDFA02A6C014200B0DD19 /* SWLoopView.swift in Sources */ = {isa = PBXBuildFile; fileRef = 3FCBDF9F2A6C014200B0DD19 /* SWLoopView.swift */; };
		3FCBDFA22A6C01A200B0DD19 /* SWNegativeCheckView.swift in Sources */ = {isa = PBXBuildFile; fileRef = 3FCBDFA12A6C01A200B0DD19 /* SWNegativeCheckView.swift */; };
		3FCBDFA72A6C3F3A00B0DD19 /* FirebaseAuth in Frameworks */ = {isa = PBXBuildFile; productRef = 3FCBDFA62A6C3F3A00B0DD19 /* FirebaseAuth */; };
		3FCBDFA92A6C3F3A00B0DD19 /* FirebaseFirestore in Frameworks */ = {isa = PBXBuildFile; productRef = 3FCBDFA82A6C3F3A00B0DD19 /* FirebaseFirestore */; };
		3FCBDFAB2A6C3F3A00B0DD19 /* FirebaseFirestoreSwift in Frameworks */ = {isa = PBXBuildFile; productRef = 3FCBDFAA2A6C3F3A00B0DD19 /* FirebaseFirestoreSwift */; };
		3FCBDFAD2A6C3F3A00B0DD19 /* FirebaseStorage in Frameworks */ = {isa = PBXBuildFile; productRef = 3FCBDFAC2A6C3F3A00B0DD19 /* FirebaseStorage */; };
		3FCBDFB02A6C431C00B0DD19 /* AuthService.swift in Sources */ = {isa = PBXBuildFile; fileRef = 3FCBDFAF2A6C431C00B0DD19 /* AuthService.swift */; };
		3FCBDFB22A6C461B00B0DD19 /* GoogleService-Info.plist in Resources */ = {isa = PBXBuildFile; fileRef = 3FCBDFB12A6C461B00B0DD19 /* GoogleService-Info.plist */; };
		3FCBDFB52A6C46A200B0DD19 /* ContentViewModel.swift in Sources */ = {isa = PBXBuildFile; fileRef = 3FCBDFB42A6C46A200B0DD19 /* ContentViewModel.swift */; };
		3FCBDFB72A6C500900B0DD19 /* WarningView.swift in Sources */ = {isa = PBXBuildFile; fileRef = 3FCBDFB62A6C500900B0DD19 /* WarningView.swift */; };
		3FCBDFBA2A6C5F4300B0DD19 /* RegistrationViewModel.swift in Sources */ = {isa = PBXBuildFile; fileRef = 3FCBDFB92A6C5F4300B0DD19 /* RegistrationViewModel.swift */; };
		3FCBDFBD2A6CB91600B0DD19 /* CurrentUserProfileView.swift in Sources */ = {isa = PBXBuildFile; fileRef = 3FCBDFBC2A6CB91600B0DD19 /* CurrentUserProfileView.swift */; };
		3FCBDFBF2A6CBCB800B0DD19 /* LoginViewModel.swift in Sources */ = {isa = PBXBuildFile; fileRef = 3FCBDFBE2A6CBCB800B0DD19 /* LoginViewModel.swift */; };
		3FCBDFC72A6CC6EC00B0DD19 /* User.swift in Sources */ = {isa = PBXBuildFile; fileRef = 3FCBDFC62A6CC6EC00B0DD19 /* User.swift */; };
/* End PBXBuildFile section */

/* Begin PBXFileReference section */
		3F7B48172A72627A00C9479B /* PelagianTanksAnalyzedView.swift */ = {isa = PBXFileReference; lastKnownFileType = sourcecode.swift; path = PelagianTanksAnalyzedView.swift; sourceTree = "<group>"; };
		3F7B48192A7267C500C9479B /* PelagianScrubbersView.swift */ = {isa = PBXFileReference; lastKnownFileType = sourcecode.swift; path = PelagianScrubbersView.swift; sourceTree = "<group>"; };
		3F7B481B2A7268F900C9479B /* PelagianAssemblyView.swift */ = {isa = PBXFileReference; lastKnownFileType = sourcecode.swift; path = PelagianAssemblyView.swift; sourceTree = "<group>"; };
		3F7B481D2A726A0000C9479B /* PelagianGasAndRegsView.swift */ = {isa = PBXFileReference; lastKnownFileType = sourcecode.swift; path = PelagianGasAndRegsView.swift; sourceTree = "<group>"; };
		3F7B481F2A726B6F00C9479B /* PelagianPressureTestAndPreBreatheView.swift */ = {isa = PBXFileReference; lastKnownFileType = sourcecode.swift; path = PelagianPressureTestAndPreBreatheView.swift; sourceTree = "<group>"; };
		3F7B48212A726C4D00C9479B /* PelagianSummaryView.swift */ = {isa = PBXFileReference; lastKnownFileType = sourcecode.swift; path = PelagianSummaryView.swift; sourceTree = "<group>"; };
		3FA8054D2A6F9F6100452E2E /* SidewinderModel.swift */ = {isa = PBXFileReference; lastKnownFileType = sourcecode.swift; path = SidewinderModel.swift; sourceTree = "<group>"; };
		3FCBDF562A6BCA1900B0DD19 /* CCRChecklist.app */ = {isa = PBXFileReference; explicitFileType = wrapper.application; includeInIndex = 0; path = CCRChecklist.app; sourceTree = BUILT_PRODUCTS_DIR; };
		3FCBDF592A6BCA1900B0DD19 /* CCRChecklistApp.swift */ = {isa = PBXFileReference; lastKnownFileType = sourcecode.swift; path = CCRChecklistApp.swift; sourceTree = "<group>"; };
		3FCBDF5B2A6BCA1900B0DD19 /* ContentView.swift */ = {isa = PBXFileReference; lastKnownFileType = sourcecode.swift; path = ContentView.swift; sourceTree = "<group>"; };
		3FCBDF5D2A6BCA1A00B0DD19 /* Assets.xcassets */ = {isa = PBXFileReference; lastKnownFileType = folder.assetcatalog; path = Assets.xcassets; sourceTree = "<group>"; };
		3FCBDF602A6BCA1A00B0DD19 /* Preview Assets.xcassets */ = {isa = PBXFileReference; lastKnownFileType = folder.assetcatalog; path = "Preview Assets.xcassets"; sourceTree = "<group>"; };
		3FCBDF6C2A6BCAEA00B0DD19 /* MainTabView.swift */ = {isa = PBXFileReference; lastKnownFileType = sourcecode.swift; path = MainTabView.swift; sourceTree = "<group>"; };
		3FCBDF702A6BCC5400B0DD19 /* LoginView.swift */ = {isa = PBXFileReference; lastKnownFileType = sourcecode.swift; path = LoginView.swift; sourceTree = "<group>"; };
		3FCBDF732A6BCCA200B0DD19 /* TextFieldModifier.swift */ = {isa = PBXFileReference; lastKnownFileType = sourcecode.swift; path = TextFieldModifier.swift; sourceTree = "<group>"; };
		3FCBDF752A6BD6C300B0DD19 /* AddEmailView.swift */ = {isa = PBXFileReference; lastKnownFileType = sourcecode.swift; path = AddEmailView.swift; sourceTree = "<group>"; };
		3FCBDF772A6BD70F00B0DD19 /* CreateUsernameView.swift */ = {isa = PBXFileReference; lastKnownFileType = sourcecode.swift; path = CreateUsernameView.swift; sourceTree = "<group>"; };
		3FCBDF792A6BD74900B0DD19 /* CreatePasswordView.swift */ = {isa = PBXFileReference; lastKnownFileType = sourcecode.swift; path = CreatePasswordView.swift; sourceTree = "<group>"; };
		3FCBDF7B2A6BD78200B0DD19 /* CompleteSignUpView.swift */ = {isa = PBXFileReference; lastKnownFileType = sourcecode.swift; path = CompleteSignUpView.swift; sourceTree = "<group>"; };
		3FCBDF7E2A6BD87100B0DD19 /* HomeView.swift */ = {isa = PBXFileReference; lastKnownFileType = sourcecode.swift; path = HomeView.swift; sourceTree = "<group>"; };
		3FCBDF802A6BDAE300B0DD19 /* AuthHeaderView.swift */ = {isa = PBXFileReference; lastKnownFileType = sourcecode.swift; path = AuthHeaderView.swift; sourceTree = "<group>"; };
		3FCBDF822A6BDB1A00B0DD19 /* RoundedShapeView.swift */ = {isa = PBXFileReference; lastKnownFileType = sourcecode.swift; path = RoundedShapeView.swift; sourceTree = "<group>"; };
		3FCBDF862A6BDFAA00B0DD19 /* BuildHistoryView.swift */ = {isa = PBXFileReference; lastKnownFileType = sourcecode.swift; path = BuildHistoryView.swift; sourceTree = "<group>"; };
		3FCBDF882A6BE1D400B0DD19 /* TabHeaderView.swift */ = {isa = PBXFileReference; lastKnownFileType = sourcecode.swift; path = TabHeaderView.swift; sourceTree = "<group>"; };
		3FCBDF8A2A6BE5D400B0DD19 /* NotesView.swift */ = {isa = PBXFileReference; lastKnownFileType = sourcecode.swift; path = NotesView.swift; sourceTree = "<group>"; };
		3FCBDF8F2A6BEB0E00B0DD19 /* SWComputerView.swift */ = {isa = PBXFileReference; lastKnownFileType = sourcecode.swift; path = SWComputerView.swift; sourceTree = "<group>"; };
		3FCBDF912A6BED1500B0DD19 /* SWScrubberView.swift */ = {isa = PBXFileReference; lastKnownFileType = sourcecode.swift; path = SWScrubberView.swift; sourceTree = "<group>"; };
		3FCBDF932A6BEE6800B0DD19 /* SWCounterLungView.swift */ = {isa = PBXFileReference; lastKnownFileType = sourcecode.swift; path = SWCounterLungView.swift; sourceTree = "<group>"; };
		3FCBDF952A6BF1BC00B0DD19 /* SWOxygenView.swift */ = {isa = PBXFileReference; lastKnownFileType = sourcecode.swift; path = SWOxygenView.swift; sourceTree = "<group>"; };
		3FCBDF972A6BF2EB00B0DD19 /* SWFlushView.swift */ = {isa = PBXFileReference; lastKnownFileType = sourcecode.swift; path = SWFlushView.swift; sourceTree = "<group>"; };
		3FCBDF992A6BFDB800B0DD19 /* SWPositiveCheckView.swift */ = {isa = PBXFileReference; lastKnownFileType = sourcecode.swift; path = SWPositiveCheckView.swift; sourceTree = "<group>"; };
		3FCBDF9B2A6BFE2900B0DD19 /* SWTransportView.swift */ = {isa = PBXFileReference; lastKnownFileType = sourcecode.swift; path = SWTransportView.swift; sourceTree = "<group>"; };
		3FCBDF9D2A6BFF2300B0DD19 /* SWChecklistSummaryView.swift */ = {isa = PBXFileReference; lastKnownFileType = sourcecode.swift; path = SWChecklistSummaryView.swift; sourceTree = "<group>"; };
		3FCBDF9F2A6C014200B0DD19 /* SWLoopView.swift */ = {isa = PBXFileReference; lastKnownFileType = sourcecode.swift; path = SWLoopView.swift; sourceTree = "<group>"; };
		3FCBDFA12A6C01A200B0DD19 /* SWNegativeCheckView.swift */ = {isa = PBXFileReference; lastKnownFileType = sourcecode.swift; path = SWNegativeCheckView.swift; sourceTree = "<group>"; };
		3FCBDFAF2A6C431C00B0DD19 /* AuthService.swift */ = {isa = PBXFileReference; lastKnownFileType = sourcecode.swift; path = AuthService.swift; sourceTree = "<group>"; };
		3FCBDFB12A6C461B00B0DD19 /* GoogleService-Info.plist */ = {isa = PBXFileReference; fileEncoding = 4; lastKnownFileType = text.plist.xml; path = "GoogleService-Info.plist"; sourceTree = "<group>"; };
		3FCBDFB42A6C46A200B0DD19 /* ContentViewModel.swift */ = {isa = PBXFileReference; lastKnownFileType = sourcecode.swift; path = ContentViewModel.swift; sourceTree = "<group>"; };
		3FCBDFB62A6C500900B0DD19 /* WarningView.swift */ = {isa = PBXFileReference; lastKnownFileType = sourcecode.swift; path = WarningView.swift; sourceTree = "<group>"; };
		3FCBDFB92A6C5F4300B0DD19 /* RegistrationViewModel.swift */ = {isa = PBXFileReference; lastKnownFileType = sourcecode.swift; path = RegistrationViewModel.swift; sourceTree = "<group>"; };
		3FCBDFBC2A6CB91600B0DD19 /* CurrentUserProfileView.swift */ = {isa = PBXFileReference; lastKnownFileType = sourcecode.swift; path = CurrentUserProfileView.swift; sourceTree = "<group>"; };
		3FCBDFBE2A6CBCB800B0DD19 /* LoginViewModel.swift */ = {isa = PBXFileReference; lastKnownFileType = sourcecode.swift; path = LoginViewModel.swift; sourceTree = "<group>"; };
		3FCBDFC62A6CC6EC00B0DD19 /* User.swift */ = {isa = PBXFileReference; lastKnownFileType = sourcecode.swift; path = User.swift; sourceTree = "<group>"; };
/* End PBXFileReference section */

/* Begin PBXFrameworksBuildPhase section */
		3FCBDF532A6BCA1900B0DD19 /* Frameworks */ = {
			isa = PBXFrameworksBuildPhase;
			buildActionMask = 2147483647;
			files = (
				3FCBDFA72A6C3F3A00B0DD19 /* FirebaseAuth in Frameworks */,
				3FCBDFAD2A6C3F3A00B0DD19 /* FirebaseStorage in Frameworks */,
				3FCBDFA92A6C3F3A00B0DD19 /* FirebaseFirestore in Frameworks */,
				3FCBDFAB2A6C3F3A00B0DD19 /* FirebaseFirestoreSwift in Frameworks */,
			);
			runOnlyForDeploymentPostprocessing = 0;
		};
/* End PBXFrameworksBuildPhase section */

/* Begin PBXGroup section */
		3F7B48162A72622400C9479B /* Views */ = {
			isa = PBXGroup;
			children = (
				3F7B48172A72627A00C9479B /* PelagianTanksAnalyzedView.swift */,
				3F7B48192A7267C500C9479B /* PelagianScrubbersView.swift */,
				3F7B481B2A7268F900C9479B /* PelagianAssemblyView.swift */,
				3F7B481D2A726A0000C9479B /* PelagianGasAndRegsView.swift */,
				3F7B481F2A726B6F00C9479B /* PelagianPressureTestAndPreBreatheView.swift */,
				3F7B48212A726C4D00C9479B /* PelagianSummaryView.swift */,
			);
			path = Views;
			sourceTree = "<group>";
		};
		3FCBDF4D2A6BCA1900B0DD19 = {
			isa = PBXGroup;
			children = (
				3FCBDF582A6BCA1900B0DD19 /* CCRChecklist */,
				3FCBDF572A6BCA1900B0DD19 /* Products */,
			);
			sourceTree = "<group>";
		};
		3FCBDF572A6BCA1900B0DD19 /* Products */ = {
			isa = PBXGroup;
			children = (
				3FCBDF562A6BCA1900B0DD19 /* CCRChecklist.app */,
			);
			name = Products;
			sourceTree = "<group>";
		};
		3FCBDF582A6BCA1900B0DD19 /* CCRChecklist */ = {
			isa = PBXGroup;
			children = (
				3FCBDF682A6BCA4F00B0DD19 /* App */,
				3FCBDF672A6BCA2400B0DD19 /* Core */,
				3FCBDFC52A6CC6E000B0DD19 /* Model */,
				3FCBDF5D2A6BCA1A00B0DD19 /* Assets.xcassets */,
				3FCBDFB12A6C461B00B0DD19 /* GoogleService-Info.plist */,
				3FCBDF5F2A6BCA1A00B0DD19 /* Preview Content */,
			);
			path = CCRChecklist;
			sourceTree = "<group>";
		};
		3FCBDF5F2A6BCA1A00B0DD19 /* Preview Content */ = {
			isa = PBXGroup;
			children = (
				3FCBDF602A6BCA1A00B0DD19 /* Preview Assets.xcassets */,
			);
			path = "Preview Content";
			sourceTree = "<group>";
		};
		3FCBDF672A6BCA2400B0DD19 /* Core */ = {
			isa = PBXGroup;
			children = (
				3FCBDF6E2A6BCC2F00B0DD19 /* Authentication */,
				3FCBDF842A6BDF7000B0DD19 /* BuildHistory */,
				3FCBDF8C2A6BEA9E00B0DD19 /* CCRSelections */,
				3FCBDF722A6BCC8200B0DD19 /* Components */,
				3FCBDF7D2A6BD85F00B0DD19 /* Home */,
				3FCBDF852A6BDF8000B0DD19 /* Notes */,
				3FCBDFBB2A6CB90300B0DD19 /* Profile */,
				3FCBDF692A6BCA6A00B0DD19 /* Root */,
				3FCBDF6B2A6BCAC800B0DD19 /* TabBar */,
			);
			path = Core;
			sourceTree = "<group>";
		};
		3FCBDF682A6BCA4F00B0DD19 /* App */ = {
			isa = PBXGroup;
			children = (
				3FCBDF592A6BCA1900B0DD19 /* CCRChecklistApp.swift */,
			);
			path = App;
			sourceTree = "<group>";
		};
		3FCBDF692A6BCA6A00B0DD19 /* Root */ = {
			isa = PBXGroup;
			children = (
				3FCBDFB32A6C465D00B0DD19 /* ViewModel */,
				3FCBDF6A2A6BCA9900B0DD19 /* View */,
			);
			path = Root;
			sourceTree = "<group>";
		};
		3FCBDF6A2A6BCA9900B0DD19 /* View */ = {
			isa = PBXGroup;
			children = (
				3FCBDF5B2A6BCA1900B0DD19 /* ContentView.swift */,
			);
			path = View;
			sourceTree = "<group>";
		};
		3FCBDF6B2A6BCAC800B0DD19 /* TabBar */ = {
			isa = PBXGroup;
			children = (
				3FCBDF6C2A6BCAEA00B0DD19 /* MainTabView.swift */,
			);
			path = TabBar;
			sourceTree = "<group>";
		};
		3FCBDF6E2A6BCC2F00B0DD19 /* Authentication */ = {
			isa = PBXGroup;
			children = (
				3FCBDF6F2A6BCC3900B0DD19 /* Views */,
				3FCBDFB82A6C5F1F00B0DD19 /* ViewModel */,
				3FCBDFAE2A6C42E100B0DD19 /* Service */,
			);
			path = Authentication;
			sourceTree = "<group>";
		};
		3FCBDF6F2A6BCC3900B0DD19 /* Views */ = {
			isa = PBXGroup;
			children = (
				3FCBDF702A6BCC5400B0DD19 /* LoginView.swift */,
				3FCBDF752A6BD6C300B0DD19 /* AddEmailView.swift */,
				3FCBDF772A6BD70F00B0DD19 /* CreateUsernameView.swift */,
				3FCBDF792A6BD74900B0DD19 /* CreatePasswordView.swift */,
				3FCBDF7B2A6BD78200B0DD19 /* CompleteSignUpView.swift */,
			);
			path = Views;
			sourceTree = "<group>";
		};
		3FCBDF722A6BCC8200B0DD19 /* Components */ = {
			isa = PBXGroup;
			children = (
				3FCBDF732A6BCCA200B0DD19 /* TextFieldModifier.swift */,
				3FCBDF802A6BDAE300B0DD19 /* AuthHeaderView.swift */,
				3FCBDF882A6BE1D400B0DD19 /* TabHeaderView.swift */,
				3FCBDF822A6BDB1A00B0DD19 /* RoundedShapeView.swift */,
				3FCBDFB62A6C500900B0DD19 /* WarningView.swift */,
			);
			path = Components;
			sourceTree = "<group>";
		};
		3FCBDF7D2A6BD85F00B0DD19 /* Home */ = {
			isa = PBXGroup;
			children = (
				3FCBDF7E2A6BD87100B0DD19 /* HomeView.swift */,
			);
			path = Home;
			sourceTree = "<group>";
		};
		3FCBDF842A6BDF7000B0DD19 /* BuildHistory */ = {
			isa = PBXGroup;
			children = (
				3FCBDF862A6BDFAA00B0DD19 /* BuildHistoryView.swift */,
			);
			path = BuildHistory;
			sourceTree = "<group>";
		};
		3FCBDF852A6BDF8000B0DD19 /* Notes */ = {
			isa = PBXGroup;
			children = (
				3FCBDF8A2A6BE5D400B0DD19 /* NotesView.swift */,
			);
			path = Notes;
			sourceTree = "<group>";
		};
		3FCBDF8C2A6BEA9E00B0DD19 /* CCRSelections */ = {
			isa = PBXGroup;
			children = (
				3FCBDF8E2A6BEAD400B0DD19 /* Pelagian */,
				3FCBDF8D2A6BEAC800B0DD19 /* Sidewinder */,
			);
			path = CCRSelections;
			sourceTree = "<group>";
		};
		3FCBDF8D2A6BEAC800B0DD19 /* Sidewinder */ = {
			isa = PBXGroup;
			children = (
				3FCBDFA42A6C3A6800B0DD19 /* Views */,
				3FCBDFA32A6C3A5700B0DD19 /* ViewModels */,
			);
			path = Sidewinder;
			sourceTree = "<group>";
		};
		3FCBDF8E2A6BEAD400B0DD19 /* Pelagian */ = {
			isa = PBXGroup;
			children = (
				3F7B48162A72622400C9479B /* Views */,
			);
			path = Pelagian;
			sourceTree = "<group>";
		};
		3FCBDFA32A6C3A5700B0DD19 /* ViewModels */ = {
			isa = PBXGroup;
			children = (
			);
			path = ViewModels;
			sourceTree = "<group>";
		};
		3FCBDFA42A6C3A6800B0DD19 /* Views */ = {
			isa = PBXGroup;
			children = (
				3FCBDF8F2A6BEB0E00B0DD19 /* SWComputerView.swift */,
				3FCBDF912A6BED1500B0DD19 /* SWScrubberView.swift */,
				3FCBDF932A6BEE6800B0DD19 /* SWCounterLungView.swift */,
				3FCBDF9F2A6C014200B0DD19 /* SWLoopView.swift */,
				3FCBDFA12A6C01A200B0DD19 /* SWNegativeCheckView.swift */,
				3FCBDF952A6BF1BC00B0DD19 /* SWOxygenView.swift */,
				3FCBDF972A6BF2EB00B0DD19 /* SWFlushView.swift */,
				3FCBDF992A6BFDB800B0DD19 /* SWPositiveCheckView.swift */,
				3FCBDF9B2A6BFE2900B0DD19 /* SWTransportView.swift */,
				3FCBDF9D2A6BFF2300B0DD19 /* SWChecklistSummaryView.swift */,
			);
			path = Views;
			sourceTree = "<group>";
		};
		3FCBDFAE2A6C42E100B0DD19 /* Service */ = {
			isa = PBXGroup;
			children = (
				3FCBDFAF2A6C431C00B0DD19 /* AuthService.swift */,
			);
			path = Service;
			sourceTree = "<group>";
		};
		3FCBDFB32A6C465D00B0DD19 /* ViewModel */ = {
			isa = PBXGroup;
			children = (
				3FCBDFB42A6C46A200B0DD19 /* ContentViewModel.swift */,
			);
			path = ViewModel;
			sourceTree = "<group>";
		};
		3FCBDFB82A6C5F1F00B0DD19 /* ViewModel */ = {
			isa = PBXGroup;
			children = (
				3FCBDFB92A6C5F4300B0DD19 /* RegistrationViewModel.swift */,
				3FCBDFBE2A6CBCB800B0DD19 /* LoginViewModel.swift */,
			);
			path = ViewModel;
			sourceTree = "<group>";
		};
		3FCBDFBB2A6CB90300B0DD19 /* Profile */ = {
			isa = PBXGroup;
			children = (
				3FCBDFBC2A6CB91600B0DD19 /* CurrentUserProfileView.swift */,
			);
			path = Profile;
			sourceTree = "<group>";
		};
		3FCBDFC52A6CC6E000B0DD19 /* Model */ = {
			isa = PBXGroup;
			children = (
				3FCBDFC62A6CC6EC00B0DD19 /* User.swift */,
				3FA8054D2A6F9F6100452E2E /* SidewinderModel.swift */,
			);
			path = Model;
			sourceTree = "<group>";
		};
/* End PBXGroup section */

/* Begin PBXNativeTarget section */
		3FCBDF552A6BCA1900B0DD19 /* CCRChecklist */ = {
			isa = PBXNativeTarget;
			buildConfigurationList = 3FCBDF642A6BCA1A00B0DD19 /* Build configuration list for PBXNativeTarget "CCRChecklist" */;
			buildPhases = (
				3FCBDF522A6BCA1900B0DD19 /* Sources */,
				3FCBDF532A6BCA1900B0DD19 /* Frameworks */,
				3FCBDF542A6BCA1900B0DD19 /* Resources */,
			);
			buildRules = (
			);
			dependencies = (
			);
			name = CCRChecklist;
			packageProductDependencies = (
				3FCBDFA62A6C3F3A00B0DD19 /* FirebaseAuth */,
				3FCBDFA82A6C3F3A00B0DD19 /* FirebaseFirestore */,
				3FCBDFAA2A6C3F3A00B0DD19 /* FirebaseFirestoreSwift */,
				3FCBDFAC2A6C3F3A00B0DD19 /* FirebaseStorage */,
			);
			productName = CCRChecklist;
			productReference = 3FCBDF562A6BCA1900B0DD19 /* CCRChecklist.app */;
			productType = "com.apple.product-type.application";
		};
/* End PBXNativeTarget section */

/* Begin PBXProject section */
		3FCBDF4E2A6BCA1900B0DD19 /* Project object */ = {
			isa = PBXProject;
			attributes = {
				BuildIndependentTargetsInParallel = 1;
				LastSwiftUpdateCheck = 1430;
				LastUpgradeCheck = 1430;
				TargetAttributes = {
					3FCBDF552A6BCA1900B0DD19 = {
						CreatedOnToolsVersion = 14.3.1;
					};
				};
			};
			buildConfigurationList = 3FCBDF512A6BCA1900B0DD19 /* Build configuration list for PBXProject "CCRChecklist" */;
			compatibilityVersion = "Xcode 14.0";
			developmentRegion = en;
			hasScannedForEncodings = 0;
			knownRegions = (
				en,
				Base,
			);
			mainGroup = 3FCBDF4D2A6BCA1900B0DD19;
			packageReferences = (
				3FCBDFA52A6C3F3A00B0DD19 /* XCRemoteSwiftPackageReference "firebase-ios-sdk" */,
			);
			productRefGroup = 3FCBDF572A6BCA1900B0DD19 /* Products */;
			projectDirPath = "";
			projectRoot = "";
			targets = (
				3FCBDF552A6BCA1900B0DD19 /* CCRChecklist */,
			);
		};
/* End PBXProject section */

/* Begin PBXResourcesBuildPhase section */
		3FCBDF542A6BCA1900B0DD19 /* Resources */ = {
			isa = PBXResourcesBuildPhase;
			buildActionMask = 2147483647;
			files = (
				3FCBDF612A6BCA1A00B0DD19 /* Preview Assets.xcassets in Resources */,
				3FCBDF5E2A6BCA1A00B0DD19 /* Assets.xcassets in Resources */,
				3FCBDFB22A6C461B00B0DD19 /* GoogleService-Info.plist in Resources */,
			);
			runOnlyForDeploymentPostprocessing = 0;
		};
/* End PBXResourcesBuildPhase section */

/* Begin PBXSourcesBuildPhase section */
		3FCBDF522A6BCA1900B0DD19 /* Sources */ = {
			isa = PBXSourcesBuildPhase;
			buildActionMask = 2147483647;
			files = (
				3FCBDF5C2A6BCA1900B0DD19 /* ContentView.swift in Sources */,
				3FCBDF942A6BEE6800B0DD19 /* SWCounterLungView.swift in Sources */,
				3F7B48182A72627A00C9479B /* PelagianTanksAnalyzedView.swift in Sources */,
				3FCBDF7C2A6BD78200B0DD19 /* CompleteSignUpView.swift in Sources */,
				3FCBDFBA2A6C5F4300B0DD19 /* RegistrationViewModel.swift in Sources */,
				3FCBDFC72A6CC6EC00B0DD19 /* User.swift in Sources */,
				3FA8054E2A6F9F6100452E2E /* SidewinderModel.swift in Sources */,
				3FCBDF8B2A6BE5D400B0DD19 /* NotesView.swift in Sources */,
				3FCBDF9A2A6BFDB800B0DD19 /* SWPositiveCheckView.swift in Sources */,
				3FCBDFB52A6C46A200B0DD19 /* ContentViewModel.swift in Sources */,
				3FCBDF832A6BDB1A00B0DD19 /* RoundedShapeView.swift in Sources */,
				3FCBDF872A6BDFAA00B0DD19 /* BuildHistoryView.swift in Sources */,
				3FCBDF742A6BCCA200B0DD19 /* TextFieldModifier.swift in Sources */,
				3FCBDF812A6BDAE300B0DD19 /* AuthHeaderView.swift in Sources */,
				3FCBDF902A6BEB0E00B0DD19 /* SWComputerView.swift in Sources */,
				3FCBDF922A6BED1500B0DD19 /* SWScrubberView.swift in Sources */,
				3F7B481C2A7268F900C9479B /* PelagianAssemblyView.swift in Sources */,
				3FCBDF7F2A6BD87100B0DD19 /* HomeView.swift in Sources */,
				3FCBDF982A6BF2EB00B0DD19 /* SWFlushView.swift in Sources */,
				3FCBDF5A2A6BCA1900B0DD19 /* CCRChecklistApp.swift in Sources */,
				3FCBDF762A6BD6C300B0DD19 /* AddEmailView.swift in Sources */,
				3F7B48202A726B6F00C9479B /* PelagianPressureTestAndPreBreatheView.swift in Sources */,
				3F7B481A2A7267C500C9479B /* PelagianScrubbersView.swift in Sources */,
				3F7B48222A726C4D00C9479B /* PelagianSummaryView.swift in Sources */,
				3F7B481E2A726A0000C9479B /* PelagianGasAndRegsView.swift in Sources */,
				3FCBDFBF2A6CBCB800B0DD19 /* LoginViewModel.swift in Sources */,
				3FCBDFBD2A6CB91600B0DD19 /* CurrentUserProfileView.swift in Sources */,
				3FCBDF962A6BF1BC00B0DD19 /* SWOxygenView.swift in Sources */,
				3FCBDF712A6BCC5400B0DD19 /* LoginView.swift in Sources */,
				3FCBDF7A2A6BD74900B0DD19 /* CreatePasswordView.swift in Sources */,
				3FCBDFA02A6C014200B0DD19 /* SWLoopView.swift in Sources */,
				3FCBDFB02A6C431C00B0DD19 /* AuthService.swift in Sources */,
				3FCBDF9E2A6BFF2300B0DD19 /* SWChecklistSummaryView.swift in Sources */,
				3FCBDF782A6BD70F00B0DD19 /* CreateUsernameView.swift in Sources */,
				3FCBDF6D2A6BCAEA00B0DD19 /* MainTabView.swift in Sources */,
				3FCBDF9C2A6BFE2900B0DD19 /* SWTransportView.swift in Sources */,
				3FCBDFB72A6C500900B0DD19 /* WarningView.swift in Sources */,
				3FCBDFA22A6C01A200B0DD19 /* SWNegativeCheckView.swift in Sources */,
				3FCBDF892A6BE1D400B0DD19 /* TabHeaderView.swift in Sources */,
			);
			runOnlyForDeploymentPostprocessing = 0;
		};
/* End PBXSourcesBuildPhase section */

/* Begin XCBuildConfiguration section */
		3FCBDF622A6BCA1A00B0DD19 /* Debug */ = {
			isa = XCBuildConfiguration;
			buildSettings = {
				ALWAYS_SEARCH_USER_PATHS = NO;
				CLANG_ANALYZER_NONNULL = YES;
				CLANG_ANALYZER_NUMBER_OBJECT_CONVERSION = YES_AGGRESSIVE;
				CLANG_CXX_LANGUAGE_STANDARD = "gnu++20";
				CLANG_ENABLE_MODULES = YES;
				CLANG_ENABLE_OBJC_ARC = YES;
				CLANG_ENABLE_OBJC_WEAK = YES;
				CLANG_WARN_BLOCK_CAPTURE_AUTORELEASING = YES;
				CLANG_WARN_BOOL_CONVERSION = YES;
				CLANG_WARN_COMMA = YES;
				CLANG_WARN_CONSTANT_CONVERSION = YES;
				CLANG_WARN_DEPRECATED_OBJC_IMPLEMENTATIONS = YES;
				CLANG_WARN_DIRECT_OBJC_ISA_USAGE = YES_ERROR;
				CLANG_WARN_DOCUMENTATION_COMMENTS = YES;
				CLANG_WARN_EMPTY_BODY = YES;
				CLANG_WARN_ENUM_CONVERSION = YES;
				CLANG_WARN_INFINITE_RECURSION = YES;
				CLANG_WARN_INT_CONVERSION = YES;
				CLANG_WARN_NON_LITERAL_NULL_CONVERSION = YES;
				CLANG_WARN_OBJC_IMPLICIT_RETAIN_SELF = YES;
				CLANG_WARN_OBJC_LITERAL_CONVERSION = YES;
				CLANG_WARN_OBJC_ROOT_CLASS = YES_ERROR;
				CLANG_WARN_QUOTED_INCLUDE_IN_FRAMEWORK_HEADER = YES;
				CLANG_WARN_RANGE_LOOP_ANALYSIS = YES;
				CLANG_WARN_STRICT_PROTOTYPES = YES;
				CLANG_WARN_SUSPICIOUS_MOVE = YES;
				CLANG_WARN_UNGUARDED_AVAILABILITY = YES_AGGRESSIVE;
				CLANG_WARN_UNREACHABLE_CODE = YES;
				CLANG_WARN__DUPLICATE_METHOD_MATCH = YES;
				COPY_PHASE_STRIP = NO;
				DEBUG_INFORMATION_FORMAT = dwarf;
				ENABLE_STRICT_OBJC_MSGSEND = YES;
				ENABLE_TESTABILITY = YES;
				GCC_C_LANGUAGE_STANDARD = gnu11;
				GCC_DYNAMIC_NO_PIC = NO;
				GCC_NO_COMMON_BLOCKS = YES;
				GCC_OPTIMIZATION_LEVEL = 0;
				GCC_PREPROCESSOR_DEFINITIONS = (
					"DEBUG=1",
					"$(inherited)",
				);
				GCC_WARN_64_TO_32_BIT_CONVERSION = YES;
				GCC_WARN_ABOUT_RETURN_TYPE = YES_ERROR;
				GCC_WARN_UNDECLARED_SELECTOR = YES;
				GCC_WARN_UNINITIALIZED_AUTOS = YES_AGGRESSIVE;
				GCC_WARN_UNUSED_FUNCTION = YES;
				GCC_WARN_UNUSED_VARIABLE = YES;
				IPHONEOS_DEPLOYMENT_TARGET = 16.4;
				MTL_ENABLE_DEBUG_INFO = INCLUDE_SOURCE;
				MTL_FAST_MATH = YES;
				ONLY_ACTIVE_ARCH = YES;
				SDKROOT = iphoneos;
				SWIFT_ACTIVE_COMPILATION_CONDITIONS = DEBUG;
				SWIFT_OPTIMIZATION_LEVEL = "-Onone";
			};
			name = Debug;
		};
		3FCBDF632A6BCA1A00B0DD19 /* Release */ = {
			isa = XCBuildConfiguration;
			buildSettings = {
				ALWAYS_SEARCH_USER_PATHS = NO;
				CLANG_ANALYZER_NONNULL = YES;
				CLANG_ANALYZER_NUMBER_OBJECT_CONVERSION = YES_AGGRESSIVE;
				CLANG_CXX_LANGUAGE_STANDARD = "gnu++20";
				CLANG_ENABLE_MODULES = YES;
				CLANG_ENABLE_OBJC_ARC = YES;
				CLANG_ENABLE_OBJC_WEAK = YES;
				CLANG_WARN_BLOCK_CAPTURE_AUTORELEASING = YES;
				CLANG_WARN_BOOL_CONVERSION = YES;
				CLANG_WARN_COMMA = YES;
				CLANG_WARN_CONSTANT_CONVERSION = YES;
				CLANG_WARN_DEPRECATED_OBJC_IMPLEMENTATIONS = YES;
				CLANG_WARN_DIRECT_OBJC_ISA_USAGE = YES_ERROR;
				CLANG_WARN_DOCUMENTATION_COMMENTS = YES;
				CLANG_WARN_EMPTY_BODY = YES;
				CLANG_WARN_ENUM_CONVERSION = YES;
				CLANG_WARN_INFINITE_RECURSION = YES;
				CLANG_WARN_INT_CONVERSION = YES;
				CLANG_WARN_NON_LITERAL_NULL_CONVERSION = YES;
				CLANG_WARN_OBJC_IMPLICIT_RETAIN_SELF = YES;
				CLANG_WARN_OBJC_LITERAL_CONVERSION = YES;
				CLANG_WARN_OBJC_ROOT_CLASS = YES_ERROR;
				CLANG_WARN_QUOTED_INCLUDE_IN_FRAMEWORK_HEADER = YES;
				CLANG_WARN_RANGE_LOOP_ANALYSIS = YES;
				CLANG_WARN_STRICT_PROTOTYPES = YES;
				CLANG_WARN_SUSPICIOUS_MOVE = YES;
				CLANG_WARN_UNGUARDED_AVAILABILITY = YES_AGGRESSIVE;
				CLANG_WARN_UNREACHABLE_CODE = YES;
				CLANG_WARN__DUPLICATE_METHOD_MATCH = YES;
				COPY_PHASE_STRIP = NO;
				DEBUG_INFORMATION_FORMAT = "dwarf-with-dsym";
				ENABLE_NS_ASSERTIONS = NO;
				ENABLE_STRICT_OBJC_MSGSEND = YES;
				GCC_C_LANGUAGE_STANDARD = gnu11;
				GCC_NO_COMMON_BLOCKS = YES;
				GCC_WARN_64_TO_32_BIT_CONVERSION = YES;
				GCC_WARN_ABOUT_RETURN_TYPE = YES_ERROR;
				GCC_WARN_UNDECLARED_SELECTOR = YES;
				GCC_WARN_UNINITIALIZED_AUTOS = YES_AGGRESSIVE;
				GCC_WARN_UNUSED_FUNCTION = YES;
				GCC_WARN_UNUSED_VARIABLE = YES;
				IPHONEOS_DEPLOYMENT_TARGET = 16.4;
				MTL_ENABLE_DEBUG_INFO = NO;
				MTL_FAST_MATH = YES;
				SDKROOT = iphoneos;
				SWIFT_COMPILATION_MODE = wholemodule;
				SWIFT_OPTIMIZATION_LEVEL = "-O";
				VALIDATE_PRODUCT = YES;
			};
			name = Release;
		};
		3FCBDF652A6BCA1A00B0DD19 /* Debug */ = {
			isa = XCBuildConfiguration;
			buildSettings = {
				ASSETCATALOG_COMPILER_APPICON_NAME = AppIcon;
				ASSETCATALOG_COMPILER_GLOBAL_ACCENT_COLOR_NAME = AccentColor;
				CODE_SIGN_STYLE = Automatic;
				CURRENT_PROJECT_VERSION = 1;
				DEVELOPMENT_ASSET_PATHS = "\"CCRChecklist/Preview Content\"";
				ENABLE_PREVIEWS = YES;
				GENERATE_INFOPLIST_FILE = YES;
				INFOPLIST_KEY_UIApplicationSceneManifest_Generation = YES;
				INFOPLIST_KEY_UIApplicationSupportsIndirectInputEvents = YES;
				INFOPLIST_KEY_UILaunchScreen_Generation = YES;
				INFOPLIST_KEY_UISupportedInterfaceOrientations_iPad = "UIInterfaceOrientationPortrait UIInterfaceOrientationPortraitUpsideDown UIInterfaceOrientationLandscapeLeft UIInterfaceOrientationLandscapeRight";
				INFOPLIST_KEY_UISupportedInterfaceOrientations_iPhone = "UIInterfaceOrientationPortrait UIInterfaceOrientationLandscapeLeft UIInterfaceOrientationLandscapeRight";
				LD_RUNPATH_SEARCH_PATHS = (
					"$(inherited)",
					"@executable_path/Frameworks",
				);
				MARKETING_VERSION = 1.0;
				PRODUCT_BUNDLE_IDENTIFIER = com.andy.CCRChecklist;
				PRODUCT_NAME = "$(TARGET_NAME)";
				SWIFT_EMIT_LOC_STRINGS = YES;
				SWIFT_VERSION = 5.0;
				TARGETED_DEVICE_FAMILY = "1,2";
			};
			name = Debug;
		};
		3FCBDF662A6BCA1A00B0DD19 /* Release */ = {
			isa = XCBuildConfiguration;
			buildSettings = {
				ASSETCATALOG_COMPILER_APPICON_NAME = AppIcon;
				ASSETCATALOG_COMPILER_GLOBAL_ACCENT_COLOR_NAME = AccentColor;
				CODE_SIGN_STYLE = Automatic;
				CURRENT_PROJECT_VERSION = 1;
				DEVELOPMENT_ASSET_PATHS = "\"CCRChecklist/Preview Content\"";
				ENABLE_PREVIEWS = YES;
				GENERATE_INFOPLIST_FILE = YES;
				INFOPLIST_KEY_UIApplicationSceneManifest_Generation = YES;
				INFOPLIST_KEY_UIApplicationSupportsIndirectInputEvents = YES;
				INFOPLIST_KEY_UILaunchScreen_Generation = YES;
				INFOPLIST_KEY_UISupportedInterfaceOrientations_iPad = "UIInterfaceOrientationPortrait UIInterfaceOrientationPortraitUpsideDown UIInterfaceOrientationLandscapeLeft UIInterfaceOrientationLandscapeRight";
				INFOPLIST_KEY_UISupportedInterfaceOrientations_iPhone = "UIInterfaceOrientationPortrait UIInterfaceOrientationLandscapeLeft UIInterfaceOrientationLandscapeRight";
				LD_RUNPATH_SEARCH_PATHS = (
					"$(inherited)",
					"@executable_path/Frameworks",
				);
				MARKETING_VERSION = 1.0;
				PRODUCT_BUNDLE_IDENTIFIER = com.andy.CCRChecklist;
				PRODUCT_NAME = "$(TARGET_NAME)";
				SWIFT_EMIT_LOC_STRINGS = YES;
				SWIFT_VERSION = 5.0;
				TARGETED_DEVICE_FAMILY = "1,2";
			};
			name = Release;
		};
/* End XCBuildConfiguration section */

/* Begin XCConfigurationList section */
		3FCBDF512A6BCA1900B0DD19 /* Build configuration list for PBXProject "CCRChecklist" */ = {
			isa = XCConfigurationList;
			buildConfigurations = (
				3FCBDF622A6BCA1A00B0DD19 /* Debug */,
				3FCBDF632A6BCA1A00B0DD19 /* Release */,
			);
			defaultConfigurationIsVisible = 0;
			defaultConfigurationName = Release;
		};
		3FCBDF642A6BCA1A00B0DD19 /* Build configuration list for PBXNativeTarget "CCRChecklist" */ = {
			isa = XCConfigurationList;
			buildConfigurations = (
				3FCBDF652A6BCA1A00B0DD19 /* Debug */,
				3FCBDF662A6BCA1A00B0DD19 /* Release */,
			);
			defaultConfigurationIsVisible = 0;
			defaultConfigurationName = Release;
		};
/* End XCConfigurationList section */

/* Begin XCRemoteSwiftPackageReference section */
		3FCBDFA52A6C3F3A00B0DD19 /* XCRemoteSwiftPackageReference "firebase-ios-sdk" */ = {
			isa = XCRemoteSwiftPackageReference;
			repositoryURL = "https://github.com/firebase/firebase-ios-sdk.git";
			requirement = {
				kind = upToNextMajorVersion;
				minimumVersion = 10.0.0;
			};
		};
/* End XCRemoteSwiftPackageReference section */

/* Begin XCSwiftPackageProductDependency section */
		3FCBDFA62A6C3F3A00B0DD19 /* FirebaseAuth */ = {
			isa = XCSwiftPackageProductDependency;
			package = 3FCBDFA52A6C3F3A00B0DD19 /* XCRemoteSwiftPackageReference "firebase-ios-sdk" */;
			productName = FirebaseAuth;
		};
		3FCBDFA82A6C3F3A00B0DD19 /* FirebaseFirestore */ = {
			isa = XCSwiftPackageProductDependency;
			package = 3FCBDFA52A6C3F3A00B0DD19 /* XCRemoteSwiftPackageReference "firebase-ios-sdk" */;
			productName = FirebaseFirestore;
		};
		3FCBDFAA2A6C3F3A00B0DD19 /* FirebaseFirestoreSwift */ = {
			isa = XCSwiftPackageProductDependency;
			package = 3FCBDFA52A6C3F3A00B0DD19 /* XCRemoteSwiftPackageReference "firebase-ios-sdk" */;
			productName = FirebaseFirestoreSwift;
		};
		3FCBDFAC2A6C3F3A00B0DD19 /* FirebaseStorage */ = {
			isa = XCSwiftPackageProductDependency;
			package = 3FCBDFA52A6C3F3A00B0DD19 /* XCRemoteSwiftPackageReference "firebase-ios-sdk" */;
			productName = FirebaseStorage;
		};
/* End XCSwiftPackageProductDependency section */
	};
	rootObject = 3FCBDF4E2A6BCA1900B0DD19 /* Project object */;
}
